Microsoft Visual Studio Solution File, Format Version 12.00
# Visual Studio Version 17
VisualStudioVersion = 17.13.35825.156
MinimumVisualStudioVersion = 10.0.40219.1
Project("{FAE04EC0-301F-11D3-BF4B-00C04F79EFBC}") = "Notes.Android", "Notes.Android\Notes.Android.csproj", "{C1403E5A-BD2A-41AF-9B5A-3AE88CB4D3EF}"
EndProject
Project("{FAE04EC0-301F-11D3-BF4B-00C04F79EFBC}") = "Notes.iOS", "Notes.iOS\Notes.iOS.csproj", "{D22927D2-2D17-4675-8108-B4611ABC8BE7}"
EndProject
Project("{FAE04EC0-301F-11D3-BF4B-00C04F79EFBC}") = "Notes", "Notes\Notes.csproj", "{F5205A84-E82F-4F6F-8A99-5E1436E08D3F}"
EndProject
Global
	GlobalSection(SolutionConfigurationPlatforms) = preSolution
		Debug|Any CPU = Debug|Any CPU
		Release|Any CPU = Release|Any CPU
	EndGlobalSection
	GlobalSection(ProjectConfigurationPlatforms) = postSolution
		{C1403E5A-BD2A-41AF-9B5A-3AE88CB4D3EF}.Debug|Any CPU.ActiveCfg = Debug|Any CPU
		{C1403E5A-BD2A-41AF-9B5A-3AE88CB4D3EF}.Debug|Any CPU.Build.0 = Debug|Any CPU
		{C1403E5A-BD2A-41AF-9B5A-3AE88CB4D3EF}.Debug|Any CPU.Deploy.0 = Debug|Any CPU
		{C1403E5A-BD2A-41AF-9B5A-3AE88CB4D3EF}.Release|Any CPU.ActiveCfg = Release|Any CPU
		{C1403E5A-BD2A-41AF-9B5A-3AE88CB4D3EF}.Release|Any CPU.Build.0 = Release|Any CPU
		{C1403E5A-BD2A-41AF-9B5A-3AE88CB4D3EF}.Release|Any CPU.Deploy.0 = Release|Any CPU
		{D22927D2-2D17-4675-8108-B4611ABC8BE7}.Debug|Any CPU.ActiveCfg = Debug|iPhone
		{D22927D2-2D17-4675-8108-B4611ABC8BE7}.Debug|Any CPU.Build.0 = Debug|iPhone
		{D22927D2-2D17-4675-8108-B4611ABC8BE7}.Debug|Any CPU.Deploy.0 = Debug|iPhone
		{D22927D2-2D17-4675-8108-B4611ABC8BE7}.Release|Any CPU.ActiveCfg = Release|iPhoneSimulator
		{D22927D2-2D17-4675-8108-B4611ABC8BE7}.Release|Any CPU.Build.0 = Release|iPhoneSimulator
		{D22927D2-2D17-4675-8108-B4611ABC8BE7}.Release|Any CPU.Deploy.0 = Release|iPhoneSimulator
		{F5205A84-E82F-4F6F-8A99-5E1436E08D3F}.Debug|Any CPU.ActiveCfg = Debug|Any CPU
		{F5205A84-E82F-4F6F-8A99-5E1436E08D3F}.Debug|Any CPU.Build.0 = Debug|Any CPU
		{F5205A84-E82F-4F6F-8A99-5E1436E08D3F}.Debug|Any CPU.Deploy.0 = Debug|Any CPU
		{F5205A84-E82F-4F6F-8A99-5E1436E08D3F}.Release|Any CPU.ActiveCfg = Release|Any CPU
		{F5205A84-E82F-4F6F-8A99-5E1436E08D3F}.Release|Any CPU.Build.0 = Release|Any CPU
		{F5205A84-E82F-4F6F-8A99-5E1436E08D3F}.Release|Any CPU.Deploy.0 = Release|Any CPU
	EndGlobalSection
	GlobalSection(SolutionProperties) = preSolution
		HideSolutionNode = FALSE
	EndGlobalSection
	GlobalSection(ExtensibilityGlobals) = postSolution
		SolutionGuid = {78A400FE-65D0-43EA-90AB-2E577E976B65}
	EndGlobalSection
EndGlobal
