Microsoft Visual Studio Solution File, Format Version 12.00
# Visual Studio Version 17
VisualStudioVersion = 17.13.35825.156
MinimumVisualStudioVersion = 10.0.40219.1
Project("{FAE04EC0-301F-11D3-BF4B-00C04F79EFBC}") = "BookStoreApi", "BookStoreApi.csproj", "{EF6E95DA-120A-42D9-8A11-6F3B444060A8}"
EndProject
Global
	GlobalSection(SolutionConfigurationPlatforms) = preSolution
		Debug|Any CPU = Debug|Any CPU
		Release|Any CPU = Release|Any CPU
	EndGlobalSection
	GlobalSection(ProjectConfigurationPlatforms) = postSolution
		{EF6E95DA-120A-42D9-8A11-6F3B444060A8}.Debug|Any CPU.ActiveCfg = Debug|Any CPU
		{EF6E95DA-120A-42D9-8A11-6F3B444060A8}.Debug|Any CPU.Build.0 = Debug|Any CPU
		{EF6E95DA-120A-42D9-8A11-6F3B444060A8}.Release|Any CPU.ActiveCfg = Release|Any CPU
		{EF6E95DA-120A-42D9-8A11-6F3B444060A8}.Release|Any CPU.Build.0 = Release|Any CPU
	EndGlobalSection
	GlobalSection(SolutionProperties) = preSolution
		HideSolutionNode = FALSE
	EndGlobalSection
	GlobalSection(ExtensibilityGlobals) = postSolution
		SolutionGuid = {C0380988-9F3B-4A13-8030-879D5EE68F97}
	EndGlobalSection
EndGlobal
